dependencies:
  chmorgan/esp-libhelix-mp3:
    component_hash: cbb76089dc2c5749f7b470e2e70aedc44c9da519e04eb9a67d4c7ec275229e53
    source:
      service_url: https://api.components.espressif.com/
      type: service
    version: 1.0.3
  espressif/cbor:
    component_hash: 440f4ee4504841cc9b4f3a8ef755776a612ac9dace355514c68b999868f990ff
    source:
      service_url: https://api.components.espressif.com/
      type: service
    version: 0.6.0~1
  espressif/esp-dl:
    component_hash: bf4a149595b473138afb59088852ff609eb3fb6222ec4fe2afc87891d7706c03
    source:
      git: https://github.com/espressif/esp-dl.git
      path: .
      type: git
    version: e90a88ef94dd5e305105251b2591e343b1a4d6a4
  espressif/esp-dsp:
    component_hash: 3e7bbd487f1357a1d4944d0c85966d049501ea281b8a4c7f93f7cfedd5b7f23d
    source:
      service_url: https://api.components.espressif.com/
      type: service
    version: 1.4.12
  espressif/esp-modbus:
    component_hash: ec567c912fbd8b08648ba72b5562df012482584918fb4af670e57025fc30ea42
    source:
      service_url: https://api.components.espressif.com/
      type: service
    version: 1.0.15
  espressif/esp-nn:
    component_hash: b32869798bdb40dec6bc99caca48cd65d42f8a9f506b9ab9c598a076f891ede9
    source:
      service_url: https://api.components.espressif.com/
      type: service
    version: 1.0.2
  espressif/esp-sr:
    component_hash: 16af25295f531495fe7e36cf2e8c8bb49629be42c38a56f55f4ded825ada0ffc
    source:
      service_url: https://api.components.espressif.com/
      type: service
    version: 1.7.1
  espressif/esp-tflite-micro:
    component_hash: 28c9fd43c9896bd8676c0b5bfa73598e58f421d04e1a46be788d27a71c9b4cec
    source:
      service_url: https://api.components.espressif.com/
      type: service
    version: 1.3.1
  espressif/esp-zboss-lib:
    component_hash: c7020f631cd4ad25e159ddb812bdc80906b5b424457abc81c9b8b0e92687837a
    source:
      service_url: https://api.components.espressif.com/
      type: service
    version: 1.3.2
  espressif/esp-zigbee-lib:
    component_hash: 752dbc8abb2befd2d49ee902051699fac5e32c6962950d64cd888d75d6566ca0
    source:
      service_url: https://api.components.espressif.com/
      type: service
    version: 1.3.2
  espressif/esp32-camera:
    component_hash: 727c6441bb2f55884307e05cb81d7749743828d7620ecf00d521f1e0f1ec7308
    source:
      git: https://github.com/espressif/esp32-camera.git
      path: .
      type: git
    version: 28296929286584d38e0a9e3456029204898a59a7
  espressif/esp_diag_data_store:
    component_hash: 8849195251dbb8a2d7268335277cfa310cef36e4ac1e90cd59ad3be4269a30d7
    source:
      service_url: https://api.components.espressif.com/
      type: service
    version: 1.0.1
  espressif/esp_diagnostics:
    component_hash: 2350938db074002ef088c05cd32d80a528185e47afdb3642427156256c3e13c5
    source:
      service_url: https://api.components.espressif.com/
      type: service
    version: 1.1.0
  espressif/esp_insights:
    component_hash: 72ece1dcf0146275e1df976c713a9b193af0907931f3810957ee68a0a84b077d
    source:
      service_url: https://api.components.espressif.com/
      type: service
    version: 1.1.0
  espressif/esp_modem:
    component_hash: e48da33fee082dd9d9a97a354a228057e07a14ac108766b40ad84e018205410a
    source:
      service_url: https://api.components.espressif.com/
      type: service
    version: 1.1.0
  espressif/esp_rainmaker:
    component_hash: 25008c033cd20c99eedf86b42e12d35723f59a02cc577b7d5fc3b683864a72ff
    source:
      service_url: https://api.components.espressif.com/
      type: service
    version: 1.2.0
  espressif/esp_schedule:
    component_hash: e202a9c688f7f1ab601efb91d682e4bcfaebc508dcceee1a1e0a0d2d1ca75a26
    source:
      service_url: https://api.components.espressif.com/
      type: service
    version: 1.2.0
  espressif/esp_secure_cert_mgr:
    component_hash: a20007d67e65a000670ab77e45d7554c943eb8dcb0abeada0a57dd9adac3a703
    source:
      service_url: https://api.components.espressif.com/
      type: service
    version: 2.4.1
  espressif/jsmn:
    component_hash: d80350c41bbaa827c98a25b6072df00884e72f54885996fab4a4f0aebce6b6c3
    source:
      service_url: https://api.components.espressif.com/
      type: service
    version: 1.1.0
  espressif/json_generator:
    component_hash: 45033e1c199b13f1c8c1b544fb7d4e2df6a8e3071ebdcb1b22582b61a7974ff2
    source:
      service_url: https://api.components.espressif.com/
      type: service
    version: 1.1.2
  espressif/json_parser:
    component_hash: d74b81729ad06ec11ff5eb5b1b0d7df1d00e6027fc11471f4b139c70dcf1b1e4
    source:
      service_url: https://api.components.espressif.com/
      type: service
    version: 1.0.3
  espressif/libsodium:
    component_hash: f6e982479a2389cb6868e8fb761cf23aba6c355a8090b3e906299807775f58a3
    source:
      service_url: https://api.components.espressif.com/
      type: service
    version: 1.0.20~1
  espressif/mdns:
    component_hash: 31117d76cae83a6d83ffd7f035f6fdae5bd05b914fc30b641afeb208b84de19a
    source:
      service_url: https://api.components.espressif.com/
      type: service
    version: 1.3.2
  espressif/qrcode:
    component_hash: 3b493771bc5d6ad30cbf87c25bf784aada8a08c941504355b55d6b75518ed7bc
    source:
      service_url: https://api.components.espressif.com/
      type: service
    version: 0.1.0~2
  espressif/rmaker_common:
    component_hash: 021c02465e4996dd3292db36ea47b5e3122e7e2d3514797735a96bc12598b44f
    source:
      service_url: https://api.components.espressif.com/
      type: service
    version: 1.4.5
  idf:
    component_hash: null
    source:
      type: idf
    version: 5.1.4
  joltwallet/littlefs:
    component_hash: 82fe9d7d57b5b95d29532aec744f3cfdf9ae1775ac0ca52ac61fc6dd7cf53dba
    source:
      service_url: https://api.components.espressif.com/
      type: service
    version: 1.14.6
manifest_hash: 0204de68c89a45d9f5c10730a636c92a7dcf45712e50a9a223f9beeccb606dc9
target: esp32s3
version: 1.0.0
